{
  "name": "@cloudbase/framework-plugin-website",
  "version": "0.1.37",
  "lockfileVersion": 1,
  "requires": true,
  "dependencies": {
    "typescript": {
      "version": "3.9.2",
      "resolved": "https://registry.npm.taobao.org/typescript/download/typescript-3.9.2.tgz",
      "integrity": "sha1-ZOnI6b5upYPFRgdnfdRoChzzXbk=",
      "dev": true
    }
  }
}
